
Microsoft Visual Studio Solution File, Format Version 12.00
# Visual Studio Version 17
VisualStudioVersion = 17.4.33213.308
MinimumVisualStudioVersion = 10.0.40219.1
Project("{FAE04EC0-301F-11D3-BF4B-00C04F79EFBC}") = "BulkyBooksWeb", "BulkyBooksWeb\BulkyBooksWeb.csproj", "{8C5057A8-8CEE-4278-A316-1A85AF6BFE3C}"
EndProject
Global
	GlobalSection(SolutionConfigurationPlatforms) = preSolution
		Debug|Any CPU = Debug|Any CPU
		Release|Any CPU = Release|Any CPU
	EndGlobalSection
	GlobalSection(ProjectConfigurationPlatforms) = postSolution
		{8C5057A8-8CEE-4278-A316-1A85AF6BFE3C}.Debug|Any CPU.ActiveCfg = Debug|Any CPU
		{8C5057A8-8CEE-4278-A316-1A85AF6BFE3C}.Debug|Any CPU.Build.0 = Debug|Any CPU
		{8C5057A8-8CEE-4278-A316-1A85AF6BFE3C}.Release|Any CPU.ActiveCfg = Release|Any CPU
		{8C5057A8-8CEE-4278-A316-1A85AF6BFE3C}.Release|Any CPU.Build.0 = Release|Any CPU
	EndGlobalSection
	GlobalSection(SolutionProperties) = preSolution
		HideSolutionNode = FALSE
	EndGlobalSection
	GlobalSection(ExtensibilityGlobals) = postSolution
		SolutionGuid = {0E475C15-A9B3-4884-9B7F-4F1761819972}
	EndGlobalSection
EndGlobal
